// !$*UTF8*$!
{
	archiveVersion = 1;
	classes = {
	};
	objectVersion = 77;
	objects = {

/* Begin PBXContainerItemProxy section */
		FF1D6EFA2DB5372800B0B2C0 /* PBXContainerItemProxy */ = {
			isa = PBXContainerItemProxy;
			containerPortal = FF1D6EE32DB5372400B0B2C0 /* Project object */;
			proxyType = 1;
			remoteGlobalIDString = FF1D6EEA2DB5372400B0B2C0;
			remoteInfo = "fortnight-pay-calculator";
		};
		FF1D6F042DB5372800B0B2C0 /* PBXContainerItemProxy */ = {
			isa = PBXContainerItemProxy;
			containerPortal = FF1D6EE32DB5372400B0B2C0 /* Project object */;
			proxyType = 1;
			remoteGlobalIDString = FF1D6EEA2DB5372400B0B2C0;
			remoteInfo = "fortnight-pay-calculator";
		};
/* End PBXContainerItemProxy section */

/* Begin PBXFileReference section */
		FF1D6EEB2DB5372400B0B2C0 /* fortnight-pay-calculator.app */ = {isa = PBXFileReference; explicitFileType = wrapper.application; includeInIndex = 0; path = "fortnight-pay-calculator.app"; sourceTree = BUILT_PRODUCTS_DIR; };
		FF1D6EF92DB5372800B0B2C0 /* fortnight-pay-calculatorTests.xctest */ = {isa = PBXFileReference; explicitFileType = wrapper.cfbundle; includeInIndex = 0; path = "fortnight-pay-calculatorTests.xctest"; sourceTree = BUILT_PRODUCTS_DIR; };
		FF1D6F032DB5372800B0B2C0 /* fortnight-pay-calculatorUITests.xctest */ = {isa = PBXFileReference; explicitFileType = wrapper.cfbundle; includeInIndex = 0; path = "fortnight-pay-calculatorUITests.xctest"; sourceTree = BUILT_PRODUCTS_DIR; };
/* End PBXFileReference section */

/* Begin PBXFileSystemSynchronizedRootGroup section */
		FF1D6EED2DB5372400B0B2C0 /* fortnight-pay-calculator */ = {
			isa = PBXFileSystemSynchronizedRootGroup;
			path = "fortnight-pay-calculator";
			sourceTree = "<group>";
		};
		FF1D6EFC2DB5372800B0B2C0 /* fortnight-pay-calculatorTests */ = {
			isa = PBXFileSystemSynchronizedRootGroup;
			path = "fortnight-pay-calculatorTests";
			sourceTree = "<group>";
		};
		FF1D6F062DB5372800B0B2C0 /* fortnight-pay-calculatorUITests */ = {
			isa = PBXFileSystemSynchronizedRootGroup;
			path = "fortnight-pay-calculatorUITests";
			sourceTree = "<group>";
		};
/* End PBXFileSystemSynchronizedRootGroup section */

/* Begin PBXFrameworksBuildPhase section */
		FF1D6EE82DB5372400B0B2C0 /* Frameworks */ = {
			isa = PBXFrameworksBuildPhase;
			buildActionMask = 2147483647;
			files = (
			);
			runOnlyForDeploymentPostprocessing = 0;
		};
		FF1D6EF62DB5372800B0B2C0 /* Frameworks */ = {
			isa = PBXFrameworksBuildPhase;
			buildActionMask = 2147483647;
			files = (
			);
			runOnlyForDeploymentPostprocessing = 0;
		};
		FF1D6F002DB5372800B0B2C0 /* Frameworks */ = {
			isa = PBXFrameworksBuildPhase;
			buildActionMask = 2147483647;
			files = (
			);
			runOnlyForDeploymentPostprocessing = 0;
		};
/* End PBXFrameworksBuildPhase section */

/* Begin PBXGroup section */
		FF1D6EE22DB5372400B0B2C0 = {
			isa = PBXGroup;
			children = (
				FF1D6EED2DB5372400B0B2C0 /* fortnight-pay-calculator */,
				FF1D6EFC2DB5372800B0B2C0 /* fortnight-pay-calculatorTests */,
				FF1D6F062DB5372800B0B2C0 /* fortnight-pay-calculatorUITests */,
				FF1D6EEC2DB5372400B0B2C0 /* Products */,
			);
			sourceTree = "<group>";
		};
		FF1D6EEC2DB5372400B0B2C0 /* Products */ = {
			isa = PBXGroup;
			children = (
				FF1D6EEB2DB5372400B0B2C0 /* fortnight-pay-calculator.app */,
				FF1D6EF92DB5372800B0B2C0 /* fortnight-pay-calculatorTests.xctest */,
				FF1D6F032DB5372800B0B2C0 /* fortnight-pay-calculatorUITests.xctest */,
			);
			name = Products;
			sourceTree = "<group>";
		};
/* End PBXGroup section */

/* Begin PBXNativeTarget section */
		FF1D6EEA2DB5372400B0B2C0 /* fortnight-pay-calculator */ = {
			isa = PBXNativeTarget;
			buildConfigurationList = FF1D6F0D2DB5372800B0B2C0 /* Build configuration list for PBXNativeTarget "fortnight-pay-calculator" */;
			buildPhases = (
				FF1D6EE72DB5372400B0B2C0 /* Sources */,
				FF1D6EE82DB5372400B0B2C0 /* Frameworks */,
				FF1D6EE92DB5372400B0B2C0 /* Resources */,
			);
			buildRules = (
			);
			dependencies = (
			);
			fileSystemSynchronizedGroups = (
				FF1D6EED2DB5372400B0B2C0 /* fortnight-pay-calculator */,
			);
			name = "fortnight-pay-calculator";
			packageProductDependencies = (
			);
			productName = "fortnight-pay-calculator";
			productReference = FF1D6EEB2DB5372400B0B2C0 /* fortnight-pay-calculator.app */;
			productType = "com.apple.product-type.application";
		};
		FF1D6EF82DB5372800B0B2C0 /* fortnight-pay-calculatorTests */ = {
			isa = PBXNativeTarget;
			buildConfigurationList = FF1D6F102DB5372800B0B2C0 /* Build configuration list for PBXNativeTarget "fortnight-pay-calculatorTests" */;
			buildPhases = (
				FF1D6EF52DB5372800B0B2C0 /* Sources */,
				FF1D6EF62DB5372800B0B2C0 /* Frameworks */,
				FF1D6EF72DB5372800B0B2C0 /* Resources */,
			);
			buildRules = (
			);
			dependencies = (
				FF1D6EFB2DB5372800B0B2C0 /* PBXTargetDependency */,
			);
			fileSystemSynchronizedGroups = (
				FF1D6EFC2DB5372800B0B2C0 /* fortnight-pay-calculatorTests */,
			);
			name = "fortnight-pay-calculatorTests";
			packageProductDependencies = (
			);
			productName = "fortnight-pay-calculatorTests";
			productReference = FF1D6EF92DB5372800B0B2C0 /* fortnight-pay-calculatorTests.xctest */;
			productType = "com.apple.product-type.bundle.unit-test";
		};
		FF1D6F022DB5372800B0B2C0 /* fortnight-pay-calculatorUITests */ = {
			isa = PBXNativeTarget;
			buildConfigurationList = FF1D6F132DB5372800B0B2C0 /* Build configuration list for PBXNativeTarget "fortnight-pay-calculatorUITests" */;
			buildPhases = (
				FF1D6EFF2DB5372800B0B2C0 /* Sources */,
				FF1D6F002DB5372800B0B2C0 /* Frameworks */,
				FF1D6F012DB5372800B0B2C0 /* Resources */,
			);
			buildRules = (
			);
			dependencies = (
				FF1D6F052DB5372800B0B2C0 /* PBXTargetDependency */,
			);
			fileSystemSynchronizedGroups = (
				FF1D6F062DB5372800B0B2C0 /* fortnight-pay-calculatorUITests */,
			);
			name = "fortnight-pay-calculatorUITests";
			packageProductDependencies = (
			);
			productName = "fortnight-pay-calculatorUITests";
			productReference = FF1D6F032DB5372800B0B2C0 /* fortnight-pay-calculatorUITests.xctest */;
			productType = "com.apple.product-type.bundle.ui-testing";
		};
/* End PBXNativeTarget section */

/* Begin PBXProject section */
		FF1D6EE32DB5372400B0B2C0 /* Project object */ = {
			isa = PBXProject;
			attributes = {
				BuildIndependentTargetsInParallel = 1;
				LastSwiftUpdateCheck = 1630;
				LastUpgradeCheck = 1630;
				TargetAttributes = {
					FF1D6EEA2DB5372400B0B2C0 = {
						CreatedOnToolsVersion = 16.3;
					};
					FF1D6EF82DB5372800B0B2C0 = {
						CreatedOnToolsVersion = 16.3;
						TestTargetID = FF1D6EEA2DB5372400B0B2C0;
					};
					FF1D6F022DB5372800B0B2C0 = {
						CreatedOnToolsVersion = 16.3;
						TestTargetID = FF1D6EEA2DB5372400B0B2C0;
					};
				};
			};
			buildConfigurationList = FF1D6EE62DB5372400B0B2C0 /* Build configuration list for PBXProject "fortnight-pay-calculator" */;
			developmentRegion = en;
			hasScannedForEncodings = 0;
			knownRegions = (
				en,
				Base,
			);
			mainGroup = FF1D6EE22DB5372400B0B2C0;
			minimizedProjectReferenceProxies = 1;
			preferredProjectObjectVersion = 77;
			productRefGroup = FF1D6EEC2DB5372400B0B2C0 /* Products */;
			projectDirPath = "";
			projectRoot = "";
			targets = (
				FF1D6EEA2DB5372400B0B2C0 /* fortnight-pay-calculator */,
				FF1D6EF82DB5372800B0B2C0 /* fortnight-pay-calculatorTests */,
				FF1D6F022DB5372800B0B2C0 /* fortnight-pay-calculatorUITests */,
			);
		};
/* End PBXProject section */

/* Begin PBXResourcesBuildPhase section */
		FF1D6EE92DB5372400B0B2C0 /* Resources */ = {
			isa = PBXResourcesBuildPhase;
			buildActionMask = 2147483647;
			files = (
			);
			runOnlyForDeploymentPostprocessing = 0;
		};
		FF1D6EF72DB5372800B0B2C0 /* Resources */ = {
			isa = PBXResourcesBuildPhase;
			buildActionMask = 2147483647;
			files = (
			);
			runOnlyForDeploymentPostprocessing = 0;
		};
		FF1D6F012DB5372800B0B2C0 /* Resources */ = {
			isa = PBXResourcesBuildPhase;
			buildActionMask = 2147483647;
			files = (
			);
			runOnlyForDeploymentPostprocessing = 0;
		};
/* End PBXResourcesBuildPhase section */

/* Begin PBXSourcesBuildPhase section */
		FF1D6EE72DB5372400B0B2C0 /* Sources */ = {
			isa = PBXSourcesBuildPhase;
			buildActionMask = 2147483647;
			files = (
			);
			runOnlyForDeploymentPostprocessing = 0;
		};
		FF1D6EF52DB5372800B0B2C0 /* Sources */ = {
			isa = PBXSourcesBuildPhase;
			buildActionMask = 2147483647;
			files = (
			);
			runOnlyForDeploymentPostprocessing = 0;
		};
		FF1D6EFF2DB5372800B0B2C0 /* Sources */ = {
			isa = PBXSourcesBuildPhase;
			buildActionMask = 2147483647;
			files = (
			);
			runOnlyForDeploymentPostprocessing = 0;
		};
/* End PBXSourcesBuildPhase section */

/* Begin PBXTargetDependency section */
		FF1D6EFB2DB5372800B0B2C0 /* PBXTargetDependency */ = {
			isa = PBXTargetDependency;
			target = FF1D6EEA2DB5372400B0B2C0 /* fortnight-pay-calculator */;
			targetProxy = FF1D6EFA2DB5372800B0B2C0 /* PBXContainerItemProxy */;
		};
		FF1D6F052DB5372800B0B2C0 /* PBXTargetDependency */ = {
			isa = PBXTargetDependency;
			target = FF1D6EEA2DB5372400B0B2C0 /* fortnight-pay-calculator */;
			targetProxy = FF1D6F042DB5372800B0B2C0 /* PBXContainerItemProxy */;
		};
/* End PBXTargetDependency section */

/* Begin XCBuildConfiguration section */
		FF1D6F0B2DB5372800B0B2C0 /* Debug */ = {
			isa = XCBuildConfiguration;
			buildSettings = {
				ALWAYS_SEARCH_USER_PATHS = NO;
				ASSETCATALOG_COMPILER_GENERATE_SWIFT_ASSET_SYMBOL_EXTENSIONS = YES;
				CLANG_ANALYZER_NONNULL = YES;
				CLANG_ANALYZER_NUMBER_OBJECT_CONVERSION = YES_AGGRESSIVE;
				CLANG_CXX_LANGUAGE_STANDARD = "gnu++20";
				CLANG_ENABLE_MODULES = YES;
				CLANG_ENABLE_OBJC_ARC = YES;
				CLANG_ENABLE_OBJC_WEAK = YES;
				CLANG_WARN_BLOCK_CAPTURE_AUTORELEASING = YES;
				CLANG_WARN_BOOL_CONVERSION = YES;
				CLANG_WARN_COMMA = YES;
				CLANG_WARN_CONSTANT_CONVERSION = YES;
				CLANG_WARN_DEPRECATED_OBJC_IMPLEMENTATIONS = YES;
				CLANG_WARN_DIRECT_OBJC_ISA_USAGE = YES_ERROR;
				CLANG_WARN_DOCUMENTATION_COMMENTS = YES;
				CLANG_WARN_EMPTY_BODY = YES;
				CLANG_WARN_ENUM_CONVERSION = YES;
				CLANG_WARN_INFINITE_RECURSION = YES;
				CLANG_WARN_INT_CONVERSION = YES;
				CLANG_WARN_NON_LITERAL_NULL_CONVERSION = YES;
				CLANG_WARN_OBJC_IMPLICIT_RETAIN_SELF = YES;
				CLANG_WARN_OBJC_LITERAL_CONVERSION = YES;
				CLANG_WARN_OBJC_ROOT_CLASS = YES_ERROR;
				CLANG_WARN_QUOTED_INCLUDE_IN_FRAMEWORK_HEADER = YES;
				CLANG_WARN_RANGE_LOOP_ANALYSIS = YES;
				CLANG_WARN_STRICT_PROTOTYPES = YES;
				CLANG_WARN_SUSPICIOUS_MOVE = YES;
				CLANG_WARN_UNGUARDED_AVAILABILITY = YES_AGGRESSIVE;
				CLANG_WARN_UNREACHABLE_CODE = YES;
				CLANG_WARN__DUPLICATE_METHOD_MATCH = YES;
				COPY_PHASE_STRIP = NO;
				DEBUG_INFORMATION_FORMAT = dwarf;
				ENABLE_STRICT_OBJC_MSGSEND = YES;
				ENABLE_TESTABILITY = YES;
				ENABLE_USER_SCRIPT_SANDBOXING = YES;
				GCC_C_LANGUAGE_STANDARD = gnu17;
				GCC_DYNAMIC_NO_PIC = NO;
				GCC_NO_COMMON_BLOCKS = YES;
				GCC_OPTIMIZATION_LEVEL = 0;
				GCC_PREPROCESSOR_DEFINITIONS = (
					"DEBUG=1",
					"$(inherited)",
				);
				GCC_WARN_64_TO_32_BIT_CONVERSION = YES;
				GCC_WARN_ABOUT_RETURN_TYPE = YES_ERROR;
				GCC_WARN_UNDECLARED_SELECTOR = YES;
				GCC_WARN_UNINITIALIZED_AUTOS = YES_AGGRESSIVE;
				GCC_WARN_UNUSED_FUNCTION = YES;
				GCC_WARN_UNUSED_VARIABLE = YES;
				LOCALIZATION_PREFERS_STRING_CATALOGS = YES;
				MTL_ENABLE_DEBUG_INFO = INCLUDE_SOURCE;
				MTL_FAST_MATH = YES;
				ONLY_ACTIVE_ARCH = YES;
				SWIFT_ACTIVE_COMPILATION_CONDITIONS = "DEBUG $(inherited)";
				SWIFT_OPTIMIZATION_LEVEL = "-Onone";
			};
			name = Debug;
		};
		FF1D6F0C2DB5372800B0B2C0 /* Release */ = {
			isa = XCBuildConfiguration;
			buildSettings = {
				ALWAYS_SEARCH_USER_PATHS = NO;
				ASSETCATALOG_COMPILER_GENERATE_SWIFT_ASSET_SYMBOL_EXTENSIONS = YES;
				CLANG_ANALYZER_NONNULL = YES;
				CLANG_ANALYZER_NUMBER_OBJECT_CONVERSION = YES_AGGRESSIVE;
				CLANG_CXX_LANGUAGE_STANDARD = "gnu++20";
				CLANG_ENABLE_MODULES = YES;
				CLANG_ENABLE_OBJC_ARC = YES;
				CLANG_ENABLE_OBJC_WEAK = YES;
				CLANG_WARN_BLOCK_CAPTURE_AUTORELEASING = YES;
				CLANG_WARN_BOOL_CONVERSION = YES;
				CLANG_WARN_COMMA = YES;
				CLANG_WARN_CONSTANT_CONVERSION = YES;
				CLANG_WARN_DEPRECATED_OBJC_IMPLEMENTATIONS = YES;
				CLANG_WARN_DIRECT_OBJC_ISA_USAGE = YES_ERROR;
				CLANG_WARN_DOCUMENTATION_COMMENTS = YES;
				CLANG_WARN_EMPTY_BODY = YES;
				CLANG_WARN_ENUM_CONVERSION = YES;
				CLANG_WARN_INFINITE_RECURSION = YES;
				CLANG_WARN_INT_CONVERSION = YES;
				CLANG_WARN_NON_LITERAL_NULL_CONVERSION = YES;
				CLANG_WARN_OBJC_IMPLICIT_RETAIN_SELF = YES;
				CLANG_WARN_OBJC_LITERAL_CONVERSION = YES;
				CLANG_WARN_OBJC_ROOT_CLASS = YES_ERROR;
				CLANG_WARN_QUOTED_INCLUDE_IN_FRAMEWORK_HEADER = YES;
				CLANG_WARN_RANGE_LOOP_ANALYSIS = YES;
				CLANG_WARN_STRICT_PROTOTYPES = YES;
				CLANG_WARN_SUSPICIOUS_MOVE = YES;
				CLANG_WARN_UNGUARDED_AVAILABILITY = YES_AGGRESSIVE;
				CLANG_WARN_UNREACHABLE_CODE = YES;
				CLANG_WARN__DUPLICATE_METHOD_MATCH = YES;
				COPY_PHASE_STRIP = NO;
				DEBUG_INFORMATION_FORMAT = "dwarf-with-dsym";
				ENABLE_NS_ASSERTIONS = NO;
				ENABLE_STRICT_OBJC_MSGSEND = YES;
				ENABLE_USER_SCRIPT_SANDBOXING = YES;
				GCC_C_LANGUAGE_STANDARD = gnu17;
				GCC_NO_COMMON_BLOCKS = YES;
				GCC_WARN_64_TO_32_BIT_CONVERSION = YES;
				GCC_WARN_ABOUT_RETURN_TYPE = YES_ERROR;
				GCC_WARN_UNDECLARED_SELECTOR = YES;
				GCC_WARN_UNINITIALIZED_AUTOS = YES_AGGRESSIVE;
				GCC_WARN_UNUSED_FUNCTION = YES;
				GCC_WARN_UNUSED_VARIABLE = YES;
				LOCALIZATION_PREFERS_STRING_CATALOGS = YES;
				MTL_ENABLE_DEBUG_INFO = NO;
				MTL_FAST_MATH = YES;
				SWIFT_COMPILATION_MODE = wholemodule;
			};
			name = Release;
		};
		FF1D6F0E2DB5372800B0B2C0 /* Debug */ = {
			isa = XCBuildConfiguration;
			buildSettings = {
				ASSETCATALOG_COMPILER_APPICON_NAME = AppIcon;
				ASSETCATALOG_COMPILER_GLOBAL_ACCENT_COLOR_NAME = AccentColor;
				CODE_SIGN_ENTITLEMENTS = "fortnight-pay-calculator/fortnight_pay_calculator.entitlements";
				CODE_SIGN_STYLE = Automatic;
				CURRENT_PROJECT_VERSION = 1;
				DEVELOPMENT_TEAM = 46S8K87RLA;
				ENABLE_PREVIEWS = YES;
				GENERATE_INFOPLIST_FILE = YES;
				"INFOPLIST_KEY_UIApplicationSceneManifest_Generation[sdk=iphoneos*]" = YES;
				"INFOPLIST_KEY_UIApplicationSceneManifest_Generation[sdk=iphonesimulator*]" = YES;
				"INFOPLIST_KEY_UIApplicationSupportsIndirectInputEvents[sdk=iphoneos*]" = YES;
				"INFOPLIST_KEY_UIApplicationSupportsIndirectInputEvents[sdk=iphonesimulator*]" = YES;
				"INFOPLIST_KEY_UILaunchScreen_Generation[sdk=iphoneos*]" = YES;
				"INFOPLIST_KEY_UILaunchScreen_Generation[sdk=iphonesimulator*]" = YES;
				"INFOPLIST_KEY_UIStatusBarStyle[sdk=iphoneos*]" = UIStatusBarStyleDefault;
				"INFOPLIST_KEY_UIStatusBarStyle[sdk=iphonesimulator*]" = UIStatusBarStyleDefault;
				INFOPLIST_KEY_UISupportedInterfaceOrientations_iPad = "UIInterfaceOrientationPortrait UIInterfaceOrientationPortraitUpsideDown UIInterfaceOrientationLandscapeLeft UIInterfaceOrientationLandscapeRight";
				INFOPLIST_KEY_UISupportedInterfaceOrientations_iPhone = "UIInterfaceOrientationPortrait UIInterfaceOrientationLandscapeLeft UIInterfaceOrientationLandscapeRight";
				IPHONEOS_DEPLOYMENT_TARGET = 18.0;
				LD_RUNPATH_SEARCH_PATHS = "@executable_path/Frameworks";
				"LD_RUNPATH_SEARCH_PATHS[sdk=macosx*]" = "@executable_path/../Frameworks";
				MACOSX_DEPLOYMENT_TARGET = 15.3;
				MARKETING_VERSION = 1.0;
				PRODUCT_BUNDLE_IDENTIFIER = "amgainpramod.fortnight-pay-calculator";
				PRODUCT_NAME = "$(TARGET_NAME)";
				REGISTER_APP_GROUPS = YES;
				SDKROOT = auto;
				SUPPORTED_PLATFORMS = "iphoneos iphonesimulator macosx xros xrsimulator";
				SWIFT_EMIT_LOC_STRINGS = YES;
				SWIFT_VERSION = 5.0;
				TARGETED_DEVICE_FAMILY = "1,2,7";
				XROS_DEPLOYMENT_TARGET = 2.4;
			};
			name = Debug;
		};
		FF1D6F0F2DB5372800B0B2C0 /* Release */ = {
			isa = XCBuildConfiguration;
			buildSettings = {
				ASSETCATALOG_COMPILER_APPICON_NAME = AppIcon;
				ASSETCATALOG_COMPILER_GLOBAL_ACCENT_COLOR_NAME = AccentColor;
				CODE_SIGN_ENTITLEMENTS = "fortnight-pay-calculator/fortnight_pay_calculator.entitlements";
				CODE_SIGN_STYLE = Automatic;
				CURRENT_PROJECT_VERSION = 1;
				DEVELOPMENT_TEAM = 46S8K87RLA;
				ENABLE_PREVIEWS = YES;
				GENERATE_INFOPLIST_FILE = YES;
				"INFOPLIST_KEY_UIApplicationSceneManifest_Generation[sdk=iphoneos*]" = YES;
				"INFOPLIST_KEY_UIApplicationSceneManifest_Generation[sdk=iphonesimulator*]" = YES;
				"INFOPLIST_KEY_UIApplicationSupportsIndirectInputEvents[sdk=iphoneos*]" = YES;
				"INFOPLIST_KEY_UIApplicationSupportsIndirectInputEvents[sdk=iphonesimulator*]" = YES;
				"INFOPLIST_KEY_UILaunchScreen_Generation[sdk=iphoneos*]" = YES;
				"INFOPLIST_KEY_UILaunchScreen_Generation[sdk=iphonesimulator*]" = YES;
				"INFOPLIST_KEY_UIStatusBarStyle[sdk=iphoneos*]" = UIStatusBarStyleDefault;
				"INFOPLIST_KEY_UIStatusBarStyle[sdk=iphonesimulator*]" = UIStatusBarStyleDefault;
				INFOPLIST_KEY_UISupportedInterfaceOrientations_iPad = "UIInterfaceOrientationPortrait UIInterfaceOrientationPortraitUpsideDown UIInterfaceOrientationLandscapeLeft UIInterfaceOrientationLandscapeRight";
				INFOPLIST_KEY_UISupportedInterfaceOrientations_iPhone = "UIInterfaceOrientationPortrait UIInterfaceOrientationLandscapeLeft UIInterfaceOrientationLandscapeRight";
				IPHONEOS_DEPLOYMENT_TARGET = 18.0;
				LD_RUNPATH_SEARCH_PATHS = "@executable_path/Frameworks";
				"LD_RUNPATH_SEARCH_PATHS[sdk=macosx*]" = "@executable_path/../Frameworks";
				MACOSX_DEPLOYMENT_TARGET = 15.3;
				MARKETING_VERSION = 1.0;
				PRODUCT_BUNDLE_IDENTIFIER = "amgainpramod.fortnight-pay-calculator";
				PRODUCT_NAME = "$(TARGET_NAME)";
				REGISTER_APP_GROUPS = YES;
				SDKROOT = auto;
				SUPPORTED_PLATFORMS = "iphoneos iphonesimulator macosx xros xrsimulator";
				SWIFT_EMIT_LOC_STRINGS = YES;
				SWIFT_VERSION = 5.0;
				TARGETED_DEVICE_FAMILY = "1,2,7";
				XROS_DEPLOYMENT_TARGET = 2.4;
			};
			name = Release;
		};
		FF1D6F112DB5372800B0B2C0 /* Debug */ = {
			isa = XCBuildConfiguration;
			buildSettings = {
				BUNDLE_LOADER = "$(TEST_HOST)";
				CODE_SIGN_STYLE = Automatic;
				CURRENT_PROJECT_VERSION = 1;
				GENERATE_INFOPLIST_FILE = YES;
				IPHONEOS_DEPLOYMENT_TARGET = 18.4;
				MACOSX_DEPLOYMENT_TARGET = 15.3;
				MARKETING_VERSION = 1.0;
				PRODUCT_BUNDLE_IDENTIFIER = "amgainpramod.fortnight-pay-calculatorTests";
				PRODUCT_NAME = "$(TARGET_NAME)";
				SDKROOT = auto;
				SUPPORTED_PLATFORMS = "iphoneos iphonesimulator macosx xros xrsimulator";
				SWIFT_EMIT_LOC_STRINGS = NO;
				SWIFT_VERSION = 5.0;
				TARGETED_DEVICE_FAMILY = "1,2,7";
				TEST_HOST = "$(BUILT_PRODUCTS_DIR)/fortnight-pay-calculator.app/$(BUNDLE_EXECUTABLE_FOLDER_PATH)/fortnight-pay-calculator";
				XROS_DEPLOYMENT_TARGET = 2.4;
			};
			name = Debug;
		};
		FF1D6F122DB5372800B0B2C0 /* Release */ = {
			isa = XCBuildConfiguration;
			buildSettings = {
				BUNDLE_LOADER = "$(TEST_HOST)";
				CODE_SIGN_STYLE = Automatic;
				CURRENT_PROJECT_VERSION = 1;
				GENERATE_INFOPLIST_FILE = YES;
				IPHONEOS_DEPLOYMENT_TARGET = 18.4;
				MACOSX_DEPLOYMENT_TARGET = 15.3;
				MARKETING_VERSION = 1.0;
				PRODUCT_BUNDLE_IDENTIFIER = "amgainpramod.fortnight-pay-calculatorTests";
				PRODUCT_NAME = "$(TARGET_NAME)";
				SDKROOT = auto;
				SUPPORTED_PLATFORMS = "iphoneos iphonesimulator macosx xros xrsimulator";
				SWIFT_EMIT_LOC_STRINGS = NO;
				SWIFT_VERSION = 5.0;
				TARGETED_DEVICE_FAMILY = "1,2,7";
				TEST_HOST = "$(BUILT_PRODUCTS_DIR)/fortnight-pay-calculator.app/$(BUNDLE_EXECUTABLE_FOLDER_PATH)/fortnight-pay-calculator";
				XROS_DEPLOYMENT_TARGET = 2.4;
			};
			name = Release;
		};
		FF1D6F142DB5372800B0B2C0 /* Debug */ = {
			isa = XCBuildConfiguration;
			buildSettings = {
				CODE_SIGN_STYLE = Automatic;
				CURRENT_PROJECT_VERSION = 1;
				GENERATE_INFOPLIST_FILE = YES;
				IPHONEOS_DEPLOYMENT_TARGET = 18.4;
				MACOSX_DEPLOYMENT_TARGET = 15.3;
				MARKETING_VERSION = 1.0;
				PRODUCT_BUNDLE_IDENTIFIER = "amgainpramod.fortnight-pay-calculatorUITests";
				PRODUCT_NAME = "$(TARGET_NAME)";
				SDKROOT = auto;
				SUPPORTED_PLATFORMS = "iphoneos iphonesimulator macosx xros xrsimulator";
				SWIFT_EMIT_LOC_STRINGS = NO;
				SWIFT_VERSION = 5.0;
				TARGETED_DEVICE_FAMILY = "1,2,7";
				TEST_TARGET_NAME = "fortnight-pay-calculator";
				XROS_DEPLOYMENT_TARGET = 2.4;
			};
			name = Debug;
		};
		FF1D6F152DB5372800B0B2C0 /* Release */ = {
			isa = XCBuildConfiguration;
			buildSettings = {
				CODE_SIGN_STYLE = Automatic;
				CURRENT_PROJECT_VERSION = 1;
				GENERATE_INFOPLIST_FILE = YES;
				IPHONEOS_DEPLOYMENT_TARGET = 18.4;
				MACOSX_DEPLOYMENT_TARGET = 15.3;
				MARKETING_VERSION = 1.0;
				PRODUCT_BUNDLE_IDENTIFIER = "amgainpramod.fortnight-pay-calculatorUITests";
				PRODUCT_NAME = "$(TARGET_NAME)";
				SDKROOT = auto;
				SUPPORTED_PLATFORMS = "iphoneos iphonesimulator macosx xros xrsimulator";
				SWIFT_EMIT_LOC_STRINGS = NO;
				SWIFT_VERSION = 5.0;
				TARGETED_DEVICE_FAMILY = "1,2,7";
				TEST_TARGET_NAME = "fortnight-pay-calculator";
				XROS_DEPLOYMENT_TARGET = 2.4;
			};
			name = Release;
		};
/* End XCBuildConfiguration section */

/* Begin XCConfigurationList section */
		FF1D6EE62DB5372400B0B2C0 /* Build configuration list for PBXProject "fortnight-pay-calculator" */ = {
			isa = XCConfigurationList;
			buildConfigurations = (
				FF1D6F0B2DB5372800B0B2C0 /* Debug */,
				FF1D6F0C2DB5372800B0B2C0 /* Release */,
			);
			defaultConfigurationIsVisible = 0;
			defaultConfigurationName = Release;
		};
		FF1D6F0D2DB5372800B0B2C0 /* Build configuration list for PBXNativeTarget "fortnight-pay-calculator" */ = {
			isa = XCConfigurationList;
			buildConfigurations = (
				FF1D6F0E2DB5372800B0B2C0 /* Debug */,
				FF1D6F0F2DB5372800B0B2C0 /* Release */,
			);
			defaultConfigurationIsVisible = 0;
			defaultConfigurationName = Release;
		};
		FF1D6F102DB5372800B0B2C0 /* Build configuration list for PBXNativeTarget "fortnight-pay-calculatorTests" */ = {
			isa = XCConfigurationList;
			buildConfigurations = (
				FF1D6F112DB5372800B0B2C0 /* Debug */,
				FF1D6F122DB5372800B0B2C0 /* Release */,
			);
			defaultConfigurationIsVisible = 0;
			defaultConfigurationName = Release;
		};
		FF1D6F132DB5372800B0B2C0 /* Build configuration list for PBXNativeTarget "fortnight-pay-calculatorUITests" */ = {
			isa = XCConfigurationList;
			buildConfigurations = (
				FF1D6F142DB5372800B0B2C0 /* Debug */,
				FF1D6F152DB5372800B0B2C0 /* Release */,
			);
			defaultConfigurationIsVisible = 0;
			defaultConfigurationName = Release;
		};
/* End XCConfigurationList section */
	};
	rootObject = FF1D6EE32DB5372400B0B2C0 /* Project object */;
}
